PODS:
  - AndesUI (3.8.0):
    - AndesUI/Core (= 3.8.0)
  - AndesUI/Core (3.8.0):
    - AndesUI/LocalIcons
  - AndesUI/LocalIcons (3.8.0)
  - CVDTracer (0.1.0):
    - AndesUI (~> 3.8)
  - Nimble (7.3.4)
  - Quick (1.2.0)

DEPENDENCIES:
  - AndesUI (~> 3.8)
  - CVDTracer (from `./`)
  - Nimble (~> 7.0)
  - Quick (~> 1.2.0)

SPEC REPOS:
  trunk:
    - AndesUI
    - Nimble
    - Quick

EXTERNAL SOURCES:
  CVDTracer:
    :path: "./"

SPEC CHECKSUMS:
  AndesUI: 0fe8619ddc43c1060dca9d37e2ba9762acb75dd2
  CVDTracer: 647380bd181dcad151eae1d60ba65bfa676e99b8
  Nimble: 051e3d8912d40138fa5591c78594f95fb172af37
  Quick: 58d203b1c5e27fff7229c4c1ae445ad7069a7a08

PODFILE CHECKSUM: 2188d7148825e5b0275184891ed0e9913a616a65

COCOAPODS: 1.8.4
